dependencies:
- name: redis-ha
  repository: https://dandydeveloper.github.io/charts
  version: 4.33.7
- name: redis-ha
  repository: https://dandydeveloper.github.io/charts
  version: 4.33.7
- name: enketo
  repository: file://charts/enketo
  version: 0.1.0
- name: backend
  repository: file://charts/backend
  version: 0.1.0
- name: frontend
  repository: file://charts/frontend
  version: 0.1.0
- name: pyxform
  repository: file://charts/pyxform
  version: 0.1.0
digest: sha256:489fbe157496a8c559eb349323294d6199816b0f9d2f9cb69b0e52d73a44c9fe
generated: "2025-06-05T11:46:57.343416-04:00"
