dependencies:
- name: redis-ha
  repository: https://dandydeveloper.github.io/charts
  version: 4.27.0
- name: redis-ha
  repository: https://dandydeveloper.github.io/charts
  version: 4.27.0
- name: enketo
  repository: file://charts/enketo
  version: 0.1.0
- name: backend
  repository: file://charts/backend
  version: 0.1.0
- name: frontend
  repository: file://charts/frontend
  version: 0.1.0
- name: pyxform
  repository: file://charts/pyxform
  version: 0.1.0
digest: sha256:02dc6413c6e5a8a5a54cc3a47d6f3a296040d403855d8011045c5447383801a6
generated: "2024-07-10T09:46:03.904008-04:00"
